
Microsoft Visual Studio Solution File, Format Version 12.00
# Visual Studio Version 16
VisualStudioVersion = 16.0.29409.12
MinimumVisualStudioVersion = 10.0.40219.1
Project("{FAE04EC0-301F-11D3-BF4B-00C04F79EFBC}") = "CapitalSales", "CapSalesHW6\CapitalSales.csproj", "{6FB2B293-0440-4724-9BA6-D74E563F83A6}"
EndProject
Global
	GlobalSection(SolutionConfigurationPlatforms) = preSolution
		Debug|Any CPU = Debug|Any CPU
		Release|Any CPU = Release|Any CPU
	EndGlobalSection
	GlobalSection(ProjectConfigurationPlatforms) = postSolution
		{6FB2B293-0440-4724-9BA6-D74E563F83A6}.Debug|Any CPU.ActiveCfg = Debug|Any CPU
		{6FB2B293-0440-4724-9BA6-D74E563F83A6}.Debug|Any CPU.Build.0 = Debug|Any CPU
		{6FB2B293-0440-4724-9BA6-D74E563F83A6}.Release|Any CPU.ActiveCfg = Release|Any CPU
		{6FB2B293-0440-4724-9BA6-D74E563F83A6}.Release|Any CPU.Build.0 = Release|Any CPU
	EndGlobalSection
	GlobalSection(SolutionProperties) = preSolution
		HideSolutionNode = FALSE
	EndGlobalSection
	GlobalSection(ExtensibilityGlobals) = postSolution
		SolutionGuid = {B49C2A2A-EC5E-4C1B-8884-8E7D9AB5383C}
	EndGlobalSection
EndGlobal
